
Microsoft Visual Studio Solution File, Format Version 11.00
# Visual Studio 2010
Project("{FAE04EC0-301F-11D3-BF4B-00C04F79EFBC}") = "Animancer.FSM", "Animancer.FSM.csproj", "{0a3895cc-4191-0125-f5bf-ccc905b5b29f}"
EndProject
Project("{FAE04EC0-301F-11D3-BF4B-00C04F79EFBC}") = "Assembly-CSharp", "Assembly-CSharp.csproj", "{a6db81df-fafd-a831-5573-695f807e04d4}"
EndProject
Project("{FAE04EC0-301F-11D3-BF4B-00C04F79EFBC}") = "Animancer", "Animancer.csproj", "{25a8d471-1a67-f659-3bd3-d600a8424619}"
EndProject
Project("{FAE04EC0-301F-11D3-BF4B-00C04F79EFBC}") = "Animancer.Examples", "Animancer.Examples.csproj", "{3237347b-9a27-350b-d665-699b1684daf8}"
EndProject
Project("{FAE04EC0-301F-11D3-BF4B-00C04F79EFBC}") = "Assembly-CSharp-firstpass", "Assembly-CSharp-firstpass.csproj", "{cd2decbf-d768-35a1-820e-fc354a7ccf0a}"
EndProject
Global
	GlobalSection(SolutionConfigurationPlatforms) = preSolution
		Debug|Any CPU = Debug|Any CPU
	EndGlobalSection
	GlobalSection(ProjectConfigurationPlatforms) = postSolution
		{0a3895cc-4191-0125-f5bf-ccc905b5b29f}.Debug|Any CPU.ActiveCfg = Debug|Any CPU
		{0a3895cc-4191-0125-f5bf-ccc905b5b29f}.Debug|Any CPU.Build.0 = Debug|Any CPU
		{a6db81df-fafd-a831-5573-695f807e04d4}.Debug|Any CPU.ActiveCfg = Debug|Any CPU
		{a6db81df-fafd-a831-5573-695f807e04d4}.Debug|Any CPU.Build.0 = Debug|Any CPU
		{25a8d471-1a67-f659-3bd3-d600a8424619}.Debug|Any CPU.ActiveCfg = Debug|Any CPU
		{25a8d471-1a67-f659-3bd3-d600a8424619}.Debug|Any CPU.Build.0 = Debug|Any CPU
		{3237347b-9a27-350b-d665-699b1684daf8}.Debug|Any CPU.ActiveCfg = Debug|Any CPU
		{3237347b-9a27-350b-d665-699b1684daf8}.Debug|Any CPU.Build.0 = Debug|Any CPU
		{cd2decbf-d768-35a1-820e-fc354a7ccf0a}.Debug|Any CPU.ActiveCfg = Debug|Any CPU
		{cd2decbf-d768-35a1-820e-fc354a7ccf0a}.Debug|Any CPU.Build.0 = Debug|Any CPU
	EndGlobalSection
	GlobalSection(SolutionProperties) = preSolution
		HideSolutionNode = FALSE
	EndGlobalSection
EndGlobal
