
Microsoft Visual Studio Solution File, Format Version 12.00
# Visual Studio Version 17
VisualStudioVersion = 17.6.33801.468
MinimumVisualStudioVersion = 10.0.40219.1
Project("{9A19103F-16F7-4668-BE54-9A1E7A4F7556}") = "GameServer", "GameServer\GameServer.csproj", "{201EAA98-6E0B-4506-928E-2330F3067C02}"
EndProject
Project("{9A19103F-16F7-4668-BE54-9A1E7A4F7556}") = "Common", "Common\Common.csproj", "{04DE9DB5-2EC4-460A-B39A-B1951CEDA884}"
EndProject
Project("{FAE04EC0-301F-11D3-BF4B-00C04F79EFBC}") = "NetClient", "NetClient\NetClient.csproj", "{3053D1BD-5C19-4781-9A4F-F1E27AE547D6}"
EndProject
Global
	GlobalSection(SolutionConfigurationPlatforms) = preSolution
		Debug|Any CPU = Debug|Any CPU
		Release|Any CPU = Release|Any CPU
	EndGlobalSection
	GlobalSection(ProjectConfigurationPlatforms) = postSolution
		{201EAA98-6E0B-4506-928E-2330F3067C02}.Debug|Any CPU.ActiveCfg = Debug|Any CPU
		{201EAA98-6E0B-4506-928E-2330F3067C02}.Debug|Any CPU.Build.0 = Debug|Any CPU
		{201EAA98-6E0B-4506-928E-2330F3067C02}.Release|Any CPU.ActiveCfg = Release|Any CPU
		{201EAA98-6E0B-4506-928E-2330F3067C02}.Release|Any CPU.Build.0 = Release|Any CPU
		{04DE9DB5-2EC4-460A-B39A-B1951CEDA884}.Debug|Any CPU.ActiveCfg = Debug|Any CPU
		{04DE9DB5-2EC4-460A-B39A-B1951CEDA884}.Debug|Any CPU.Build.0 = Debug|Any CPU
		{04DE9DB5-2EC4-460A-B39A-B1951CEDA884}.Release|Any CPU.ActiveCfg = Release|Any CPU
		{04DE9DB5-2EC4-460A-B39A-B1951CEDA884}.Release|Any CPU.Build.0 = Release|Any CPU
		{3053D1BD-5C19-4781-9A4F-F1E27AE547D6}.Debug|Any CPU.ActiveCfg = Debug|Any CPU
		{3053D1BD-5C19-4781-9A4F-F1E27AE547D6}.Debug|Any CPU.Build.0 = Debug|Any CPU
		{3053D1BD-5C19-4781-9A4F-F1E27AE547D6}.Release|Any CPU.ActiveCfg = Release|Any CPU
		{3053D1BD-5C19-4781-9A4F-F1E27AE547D6}.Release|Any CPU.Build.0 = Release|Any CPU
	EndGlobalSection
	GlobalSection(SolutionProperties) = preSolution
		HideSolutionNode = FALSE
	EndGlobalSection
	GlobalSection(ExtensibilityGlobals) = postSolution
		SolutionGuid = {DBF98666-9063-4A39-8D95-ECD37764B57C}
	EndGlobalSection
EndGlobal
